# This file is autogenerated, do not edit; changes may be undone by the next 'dep ensure'.


[[projects]]
  name = "github.com/andygrunwald/go-jira"
  packages = ["."]
  revision = "acbc88d59582a4885dbd82fd775caa7c15245171"
  version = "v1.0.0"

[[projects]]
  name = "github.com/boj/redistore"
  packages = ["."]
  revision = "fc113767cd6b051980f260d6dbe84b2740c46ab0"
  version = "v1.2"

[[projects]]
  name = "github.com/caarlos0/env"
  packages = ["."]
  revision = "7cd7992b3bc86f920394f8de92c13900da1a46b7"
  version = "v3.2.0"

[[projects]]
  name = "github.com/deckarep/golang-set"
  packages = ["."]
  revision = "1d4478f51bed434f1dadf96dcd9b43aabac66795"
  version = "v1.7"

[[projects]]
  name = "github.com/fatih/structs"
  packages = ["."]
  revision = "a720dfa8df582c51dee1b36feabb906bde1588bd"
  version = "v1.0"

[[projects]]
  name = "github.com/garyburd/redigo"
  packages = ["internal","redis"]
  revision = "47dc60e71eed504e3ef8e77ee3c6fe720f3be57f"
  version = "v1.3.0"

[[projects]]
  name = "github.com/gin-contrib/cors"
  packages = ["."]
  revision = "cf4846e6a636a76237a28d9286f163c132e841bc"
  version = "v1.2"

[[projects]]
  branch = "master"
  name = "github.com/gin-contrib/sse"
  packages = ["."]
  revision = "22d885f9ecc78bf4ee5d72b937e4bbcdc58e8cae"

[[projects]]
  branch = "master"
  name = "github.com/gin-gonic/contrib"
  packages = ["ginrus","sessions"]
  revision = "8f08bc9b92a9734916abda03656c5f1b99ad10be"

[[projects]]
  branch = "master"
  name = "github.com/gin-gonic/gin"
  packages = [".","binding","json","render"]
  revision = "6626358d4fefa40ec37ca4b502c6c7d0cdea6d18"

[[projects]]
  name = "github.com/gocraft/work"
  packages = ["."]
  revision = "67c8dc210ce647e8d8a4206c7f5856ea2390f290"
  version = "v0.5.0"

[[projects]]
  branch = "master"
  name = "github.com/golang/protobuf"
  packages = ["proto"]
  revision = "1e59b77b52bf8e4b449a57e6f79f21226d571845"

[[projects]]
  branch = "master"
  name = "github.com/google/go-querystring"
  packages = ["query"]
  revision = "53e6ce116135b80d037921a7fdd5138cf32d7a8a"

[[projects]]
  name = "github.com/gorilla/context"
  packages = ["."]
  revision = "1ea25387ff6f684839d82767c1733ff4d4d15d0a"
  version = "v1.1"

[[projects]]
  name = "github.com/gorilla/securecookie"
  packages = ["."]
  revision = "667fe4e3466a040b780561fe9b51a83a3753eefc"
  version = "v1.1"

[[projects]]
  name = "github.com/gorilla/sessions"
  packages = ["."]
  revision = "ca9ada44574153444b00d3fd9c8559e4cc95f896"
  version = "v1.1"

[[projects]]
  branch = "master"
  name = "github.com/jinzhu/gorm"
  packages = [".","dialects/postgres"]
  revision = "2a5838f889350305ab1c2ede393fcc1aba018f14"
  source = "https://github.com/iReflect/gorm.git"

[[projects]]
  branch = "master"
  name = "github.com/jinzhu/inflection"
  packages = ["."]
  revision = "1c35d901db3da928c72a72d8458480cc9ade058f"

[[projects]]
  branch = "master"
  name = "github.com/jinzhu/now"
  packages = ["."]
  revision = "d939ba741945c047cac69c329c5fb0d6b4a06520"

[[projects]]
  name = "github.com/json-iterator/go"
  packages = ["."]
  revision = "f7279a603edee96fe7764d3de9c6ff8cf9970994"
  version = "1.0.4"

[[projects]]
  branch = "master"
  name = "github.com/kr/pretty"
  packages = ["."]
  revision = "cfb55aafdaf3ec08f0db22699ab822c50091b1c4"

[[projects]]
  branch = "master"
  name = "github.com/kr/text"
  packages = ["."]
  revision = "7cafcd837844e784b526369c9bce262804aebc60"

[[projects]]
  branch = "master"
  name = "github.com/lib/pq"
  packages = [".","hstore","oid"]
  revision = "83612a56d3dd153a94a629cd64925371c9adad78"

[[projects]]
  name = "github.com/mattn/go-isatty"
  packages = ["."]
  revision = "0360b2af4f38e8d38c7fce2a9f4e702702d73a39"
  version = "v0.0.3"

[[projects]]
  branch = "master"
  name = "github.com/microcosm-cc/bluemonday"
  packages = ["."]
  revision = "542fd4642604d0d0c26112396ce5b1a9d01eee0b"

[[projects]]
  branch = "master"
  name = "github.com/pressly/goose"
  packages = ["."]
  revision = "3ddaf111b0c8fb76d178b8f5899d74dca89b8706"
  source = "https://github.com/iReflect/goose.git"

[[projects]]
  name = "github.com/qor/admin"
  packages = ["."]
  revision = "a5c271dab2795bb9d7f855194ec0408355120e69"
  version = "v1.0"

[[projects]]
  name = "github.com/qor/qor"
  packages = [".","resource","utils"]
  revision = "d1402d1caffb8f9c05d73fa5bfaae2853c4191fb"
  version = "v1.0"

[[projects]]
  name = "github.com/qor/responder"
  packages = ["."]
  revision = "ecae0be66c1a6a441001b0b5eeef51f8bc27d42a"
  version = "v1.0"

[[projects]]
  name = "github.com/qor/roles"
  packages = ["."]
  revision = "f1e05694734518c0ce2dc21151e0ecfccf4db8f4"
  version = "v1.0"

[[projects]]
  name = "github.com/robfig/cron"
  packages = ["."]
  revision = "b024fc5ea0e34bc3f83d9941c8d60b0622bfaca4"
  version = "v1"

[[projects]]
  name = "github.com/sirupsen/logrus"
  packages = ["."]
  revision = "d682213848ed68c0a260ca37d6dd5ace8423f5ba"
  version = "v1.0.4"

[[projects]]
  branch = "master"
  name = "github.com/theplant/cldr"
  packages = ["."]
  revision = "b97a4c2a76cf8ba21d1cb8ed2f4c8ee103371e2d"

[[projects]]
  name = "github.com/trivago/tgo"
  packages = ["tcontainer","treflect"]
  revision = "e4d1ddd28c17dd89ed26327cf69fded22060671b"
  version = "v1.0.1"

[[projects]]
  branch = "master"
  name = "github.com/ugorji/go"
  packages = ["codec"]
  revision = "7bdfbc68187228a730beb5b825508079b9e757b6"

[[projects]]
  branch = "master"
  name = "golang.org/x/crypto"
  packages = ["ssh/terminal"]
  revision = "d585fd2cc9195196078f516b69daff6744ef5e84"

[[projects]]
  branch = "master"
  name = "golang.org/x/net"
  packages = ["html","html/atom"]
  revision = "d866cfc389cec985d6fda2859936a575a55a3ab6"

[[projects]]
  branch = "master"
  name = "golang.org/x/sys"
  packages = ["unix","windows"]
  revision = "83801418e1b59fb1880e363299581ee543af32ca"

[[projects]]
  branch = "master"
  name = "golang.org/x/text"
  packages = ["internal/gen","unicode/cldr"]
  revision = "eb22672bea55af56d225d4e35405f4d2e9f062a0"

[[projects]]
  name = "gopkg.in/go-playground/validator.v8"
  packages = ["."]
  revision = "5f1438d3fca68893a817e4a66806cea46a9e4ebf"
  version = "v8.18.2"

[[projects]]
  branch = "v2"
  name = "gopkg.in/yaml.v2"
  packages = ["."]
  revision = "287cf08546ab5e7e37d55a84f7ed3fd1db036de5"

[solve-meta]
  analyzer-name = "dep"
  analyzer-version = 1
  inputs-digest = "4541f2e552b823f1c3075a764380c88afc5ef6ee06c44478a3603f8f21775eb1"
  solver-name = "gps-cdcl"
  solver-version = 1
